
Microsoft Visual Studio Solution File, Format Version 12.00
# Visual Studio Version 17
VisualStudioVersion = 17.5.002.0
MinimumVisualStudioVersion = 10.0.40219.1
Project("{9A19103F-16F7-4668-BE54-9A1E7A4F7556}") = "singleton", "singleton.csproj", "{2EE974B5-92B4-4E55-94B6-84AEE8B22768}"
EndProject
Global
	GlobalSection(SolutionConfigurationPlatforms) = preSolution
		Debug|Any CPU = Debug|Any CPU
		Release|Any CPU = Release|Any CPU
	EndGlobalSection
	GlobalSection(ProjectConfigurationPlatforms) = postSolution
		{2EE974B5-92B4-4E55-94B6-84AEE8B22768}.Debug|Any CPU.ActiveCfg = Debug|Any CPU
		{2EE974B5-92B4-4E55-94B6-84AEE8B22768}.Debug|Any CPU.Build.0 = Debug|Any CPU
		{2EE974B5-92B4-4E55-94B6-84AEE8B22768}.Release|Any CPU.ActiveCfg = Release|Any CPU
		{2EE974B5-92B4-4E55-94B6-84AEE8B22768}.Release|Any CPU.Build.0 = Release|Any CPU
	EndGlobalSection
	GlobalSection(SolutionProperties) = preSolution
		HideSolutionNode = FALSE
	EndGlobalSection
	GlobalSection(ExtensibilityGlobals) = postSolution
		SolutionGuid = {4DC6B2E9-4B10-45DD-8BC5-03B8647B5A1F}
	EndGlobalSection
EndGlobal
